
Microsoft Visual Studio Solution File, Format Version 11.00
# Visual Studio 2010
Project("{FAE04EC0-301F-11D3-BF4B-00C04F79EFBC}") = "Assembly-CSharp", "Assembly-CSharp.csproj", "{07E7F5A0-718E-C6AE-E8A4-6A36EB13A0BA}"
EndProject
Project("{FAE04EC0-301F-11D3-BF4B-00C04F79EFBC}") = "VRC.Udon.Serialization.OdinSerializer", "VRC.Udon.Serialization.OdinSerializer.csproj", "{E58CACB0-F01C-D6E5-9ABF-5D57D8A4CD75}"
EndProject
Project("{FAE04EC0-301F-11D3-BF4B-00C04F79EFBC}") = "VRC.Udon", "VRC.Udon.csproj", "{BCBC17A2-7520-C04D-88AA-8FDEAD42DBC4}"
EndProject
Project("{FAE04EC0-301F-11D3-BF4B-00C04F79EFBC}") = "UdonSharp.Runtime", "UdonSharp.Runtime.csproj", "{44188EC4-DCFC-EEDD-A760-9BF17F3A946D}"
EndProject
Project("{FAE04EC0-301F-11D3-BF4B-00C04F79EFBC}") = "VRC.SDKBase.Editor.BuildPipeline", "VRC.SDKBase.Editor.BuildPipeline.csproj", "{C044E173-4F1F-7160-38A6-E5ECD5A05072}"
EndProject
Project("{FAE04EC0-301F-11D3-BF4B-00C04F79EFBC}") = "VRC.Udon.Editor", "VRC.Udon.Editor.csproj", "{E632BB04-919F-6556-5F1E-BECC1A270E52}"
EndProject
Project("{FAE04EC0-301F-11D3-BF4B-00C04F79EFBC}") = "UdonSharp.Editor", "UdonSharp.Editor.csproj", "{EF2E508C-D96E-FAB7-BF19-5E0ABDBEC053}"
EndProject
Project("{FAE04EC0-301F-11D3-BF4B-00C04F79EFBC}") = "Assembly-CSharp-Editor", "Assembly-CSharp-Editor.csproj", "{69151F7A-D56D-C3BD-1A75-B2345EA55F2C}"
EndProject
Project("{FAE04EC0-301F-11D3-BF4B-00C04F79EFBC}") = "VRC.SDKBase.Editor.ShaderStripping", "VRC.SDKBase.Editor.ShaderStripping.csproj", "{E0141C67-495D-56C2-F9D5-58B87BBFD463}"
EndProject
Project("{FAE04EC0-301F-11D3-BF4B-00C04F79EFBC}") = "UnityEditorTests", "UnityEditorTests.csproj", "{DDFCF65E-ADB3-C1B6-075D-117BABBC04AA}"
EndProject
Global
	GlobalSection(SolutionConfigurationPlatforms) = preSolution
		Debug|Any CPU = Debug|Any CPU
		Release|Any CPU = Release|Any CPU
	EndGlobalSection
	GlobalSection(ProjectConfigurationPlatforms) = postSolution
		{07E7F5A0-718E-C6AE-E8A4-6A36EB13A0BA}.Debug|Any CPU.ActiveCfg = Debug|Any CPU
		{07E7F5A0-718E-C6AE-E8A4-6A36EB13A0BA}.Debug|Any CPU.Build.0 = Debug|Any CPU
		{07E7F5A0-718E-C6AE-E8A4-6A36EB13A0BA}.Release|Any CPU.ActiveCfg = Release|Any CPU
		{07E7F5A0-718E-C6AE-E8A4-6A36EB13A0BA}.Release|Any CPU.Build.0 = Release|Any CPU
		{E58CACB0-F01C-D6E5-9ABF-5D57D8A4CD75}.Debug|Any CPU.ActiveCfg = Debug|Any CPU
		{E58CACB0-F01C-D6E5-9ABF-5D57D8A4CD75}.Debug|Any CPU.Build.0 = Debug|Any CPU
		{E58CACB0-F01C-D6E5-9ABF-5D57D8A4CD75}.Release|Any CPU.ActiveCfg = Release|Any CPU
		{E58CACB0-F01C-D6E5-9ABF-5D57D8A4CD75}.Release|Any CPU.Build.0 = Release|Any CPU
		{BCBC17A2-7520-C04D-88AA-8FDEAD42DBC4}.Debug|Any CPU.ActiveCfg = Debug|Any CPU
		{BCBC17A2-7520-C04D-88AA-8FDEAD42DBC4}.Debug|Any CPU.Build.0 = Debug|Any CPU
		{BCBC17A2-7520-C04D-88AA-8FDEAD42DBC4}.Release|Any CPU.ActiveCfg = Release|Any CPU
		{BCBC17A2-7520-C04D-88AA-8FDEAD42DBC4}.Release|Any CPU.Build.0 = Release|Any CPU
		{44188EC4-DCFC-EEDD-A760-9BF17F3A946D}.Debug|Any CPU.ActiveCfg = Debug|Any CPU
		{44188EC4-DCFC-EEDD-A760-9BF17F3A946D}.Debug|Any CPU.Build.0 = Debug|Any CPU
		{44188EC4-DCFC-EEDD-A760-9BF17F3A946D}.Release|Any CPU.ActiveCfg = Release|Any CPU
		{44188EC4-DCFC-EEDD-A760-9BF17F3A946D}.Release|Any CPU.Build.0 = Release|Any CPU
		{C044E173-4F1F-7160-38A6-E5ECD5A05072}.Debug|Any CPU.ActiveCfg = Debug|Any CPU
		{C044E173-4F1F-7160-38A6-E5ECD5A05072}.Debug|Any CPU.Build.0 = Debug|Any CPU
		{C044E173-4F1F-7160-38A6-E5ECD5A05072}.Release|Any CPU.ActiveCfg = Release|Any CPU
		{C044E173-4F1F-7160-38A6-E5ECD5A05072}.Release|Any CPU.Build.0 = Release|Any CPU
		{E632BB04-919F-6556-5F1E-BECC1A270E52}.Debug|Any CPU.ActiveCfg = Debug|Any CPU
		{E632BB04-919F-6556-5F1E-BECC1A270E52}.Debug|Any CPU.Build.0 = Debug|Any CPU
		{E632BB04-919F-6556-5F1E-BECC1A270E52}.Release|Any CPU.ActiveCfg = Release|Any CPU
		{E632BB04-919F-6556-5F1E-BECC1A270E52}.Release|Any CPU.Build.0 = Release|Any CPU
		{EF2E508C-D96E-FAB7-BF19-5E0ABDBEC053}.Debug|Any CPU.ActiveCfg = Debug|Any CPU
		{EF2E508C-D96E-FAB7-BF19-5E0ABDBEC053}.Debug|Any CPU.Build.0 = Debug|Any CPU
		{EF2E508C-D96E-FAB7-BF19-5E0ABDBEC053}.Release|Any CPU.ActiveCfg = Release|Any CPU
		{EF2E508C-D96E-FAB7-BF19-5E0ABDBEC053}.Release|Any CPU.Build.0 = Release|Any CPU
		{69151F7A-D56D-C3BD-1A75-B2345EA55F2C}.Debug|Any CPU.ActiveCfg = Debug|Any CPU
		{69151F7A-D56D-C3BD-1A75-B2345EA55F2C}.Debug|Any CPU.Build.0 = Debug|Any CPU
		{69151F7A-D56D-C3BD-1A75-B2345EA55F2C}.Release|Any CPU.ActiveCfg = Release|Any CPU
		{69151F7A-D56D-C3BD-1A75-B2345EA55F2C}.Release|Any CPU.Build.0 = Release|Any CPU
		{E0141C67-495D-56C2-F9D5-58B87BBFD463}.Debug|Any CPU.ActiveCfg = Debug|Any CPU
		{E0141C67-495D-56C2-F9D5-58B87BBFD463}.Debug|Any CPU.Build.0 = Debug|Any CPU
		{E0141C67-495D-56C2-F9D5-58B87BBFD463}.Release|Any CPU.ActiveCfg = Release|Any CPU
		{E0141C67-495D-56C2-F9D5-58B87BBFD463}.Release|Any CPU.Build.0 = Release|Any CPU
		{DDFCF65E-ADB3-C1B6-075D-117BABBC04AA}.Debug|Any CPU.ActiveCfg = Debug|Any CPU
		{DDFCF65E-ADB3-C1B6-075D-117BABBC04AA}.Debug|Any CPU.Build.0 = Debug|Any CPU
		{DDFCF65E-ADB3-C1B6-075D-117BABBC04AA}.Release|Any CPU.ActiveCfg = Release|Any CPU
		{DDFCF65E-ADB3-C1B6-075D-117BABBC04AA}.Release|Any CPU.Build.0 = Release|Any CPU
	EndGlobalSection
	GlobalSection(SolutionProperties) = preSolution
		HideSolutionNode = FALSE
	EndGlobalSection
EndGlobal
